
Microsoft Visual Studio Solution File, Format Version 12.00
Project("{FAE04EC0-301F-11D3-BF4B-00C04F79EFBC}") = "online-shop", "online-shop\online-shop.csproj", "{A15AB113-672E-414B-84D8-642CC9B134E6}"
EndProject
Global
	GlobalSection(SolutionConfigurationPlatforms) = preSolution
		Debug|Any CPU = Debug|Any CPU
		Release|Any CPU = Release|Any CPU
	EndGlobalSection
	GlobalSection(ProjectConfigurationPlatforms) = postSolution
		{A15AB113-672E-414B-84D8-642CC9B134E6}.Debug|Any CPU.ActiveCfg = Debug|Any CPU
		{A15AB113-672E-414B-84D8-642CC9B134E6}.Debug|Any CPU.Build.0 = Debug|Any CPU
		{A15AB113-672E-414B-84D8-642CC9B134E6}.Release|Any CPU.ActiveCfg = Release|Any CPU
		{A15AB113-672E-414B-84D8-642CC9B134E6}.Release|Any CPU.Build.0 = Release|Any CPU
	EndGlobalSection
EndGlobal
